// !$*UTF8*$!
{
	archiveVersion = 1;
	classes = {
	};
	objectVersion = 56;
	objects = {

/* Begin PBXBuildFile section */
		880EF4B129F114FC000A6071 /* AppDelegate.swift in Sources */ = {isa = PBXBuildFile; fileRef = 880EF4B029F114FC000A6071 /* AppDelegate.swift */; };
		880EF4B329F114FC000A6071 /* SceneDelegate.swift in Sources */ = {isa = PBXBuildFile; fileRef = 880EF4B229F114FC000A6071 /* SceneDelegate.swift */; };
		880EF4B529F114FC000A6071 /* ViewController.swift in Sources */ = {isa = PBXBuildFile; fileRef = 880EF4B429F114FC000A6071 /* ViewController.swift */; };
		880EF4B829F114FC000A6071 /* Main.storyboard in Resources */ = {isa = PBXBuildFile; fileRef = 880EF4B629F114FC000A6071 /* Main.storyboard */; };
		880EF4BB29F114FC000A6071 /* Take_Note_App___IT20252090.xcdatamodeld in Sources */ = {isa = PBXBuildFile; fileRef = 880EF4B929F114FC000A6071 /* Take_Note_App___IT20252090.xcdatamodeld */; };
		880EF4BD29F114FE000A6071 /* Assets.xcassets in Resources */ = {isa = PBXBuildFile; fileRef = 880EF4BC29F114FE000A6071 /* Assets.xcassets */; };
		880EF4C029F114FE000A6071 /* LaunchScreen.storyboard in Resources */ = {isa = PBXBuildFile; fileRef = 880EF4BE29F114FE000A6071 /* LaunchScreen.storyboard */; };
		880EF4CE29F11932000A6071 /* Note.swift in Sources */ = {isa = PBXBuildFile; fileRef = 880EF4CD29F11932000A6071 /* Note.swift */; };
		880EF4D029F11973000A6071 /* NoteCell.swift in Sources */ = {isa = PBXBuildFile; fileRef = 880EF4CF29F11973000A6071 /* NoteCell.swift */; };
		880EF4D229F119AF000A6071 /* NoteTableView.swift in Sources */ = {isa = PBXBuildFile; fileRef = 880EF4D129F119AF000A6071 /* NoteTableView.swift */; };
/* End PBXBuildFile section */

/* Begin PBXFileReference section */
		880EF4AD29F114FC000A6071 /* Take Note App - IT20252090.app */ = {isa = PBXFileReference; explicitFileType = wrapper.application; includeInIndex = 0; path = "Take Note App - IT20252090.app"; sourceTree = BUILT_PRODUCTS_DIR; };
		880EF4B029F114FC000A6071 /* AppDelegate.swift */ = {isa = PBXFileReference; lastKnownFileType = sourcecode.swift; path = AppDelegate.swift; sourceTree = "<group>"; };
		880EF4B229F114FC000A6071 /* SceneDelegate.swift */ = {isa = PBXFileReference; lastKnownFileType = sourcecode.swift; path = SceneDelegate.swift; sourceTree = "<group>"; };
		880EF4B429F114FC000A6071 /* ViewController.swift */ = {isa = PBXFileReference; lastKnownFileType = sourcecode.swift; path = ViewController.swift; sourceTree = "<group>"; };
		880EF4B729F114FC000A6071 /* Base */ = {isa = PBXFileReference; lastKnownFileType = file.storyboard; name = Base; path = Base.lproj/Main.storyboard; sourceTree = "<group>"; };
		880EF4BA29F114FC000A6071 /* Take_Note_App___IT20252090.xcdatamodel */ = {isa = PBXFileReference; lastKnownFileType = wrapper.xcdatamodel; path = "Take_Note_App___IT20252090.xcdatamodel"; sourceTree = "<group>"; };
		880EF4BC29F114FE000A6071 /* Assets.xcassets */ = {isa = PBXFileReference; lastKnownFileType = folder.assetcatalog; path = Assets.xcassets; sourceTree = "<group>"; };
		880EF4BF29F114FE000A6071 /* Base */ = {isa = PBXFileReference; lastKnownFileType = file.storyboard; name = Base; path = Base.lproj/LaunchScreen.storyboard; sourceTree = "<group>"; };
		880EF4C129F114FE000A6071 /* Info.plist */ = {isa = PBXFileReference; lastKnownFileType = text.plist.xml; path = Info.plist; sourceTree = "<group>"; };
		880EF4CD29F11932000A6071 /* Note.swift */ = {isa = PBXFileReference; lastKnownFileType = sourcecode.swift; path = Note.swift; sourceTree = "<group>"; };
		880EF4CF29F11973000A6071 /* NoteCell.swift */ = {isa = PBXFileReference; lastKnownFileType = sourcecode.swift; path = NoteCell.swift; sourceTree = "<group>"; };
		880EF4D129F119AF000A6071 /* NoteTableView.swift */ = {isa = PBXFileReference; lastKnownFileType = sourcecode.swift; path = NoteTableView.swift; sourceTree = "<group>"; };
/* End PBXFileReference section */

/* Begin PBXFrameworksBuildPhase section */
		880EF4AA29F114FC000A6071 /* Frameworks */ = {
			isa = PBXFrameworksBuildPhase;
			buildActionMask = 2147483647;
			files = (
			);
			runOnlyForDeploymentPostprocessing = 0;
		};
/* End PBXFrameworksBuildPhase section */

/* Begin PBXGroup section */
		880EF4A429F114FC000A6071 = {
			isa = PBXGroup;
			children = (
				880EF4AF29F114FC000A6071 /* Take Note App - IT20252090 */,
				880EF4AE29F114FC000A6071 /* Products */,
			);
			sourceTree = "<group>";
		};
		880EF4AE29F114FC000A6071 /* Products */ = {
			isa = PBXGroup;
			children = (
				880EF4AD29F114FC000A6071 /* Take Note App - IT20252090.app */,
			);
			name = Products;
			sourceTree = "<group>";
		};
		880EF4AF29F114FC000A6071 /* Take Note App - IT20252090 */ = {
			isa = PBXGroup;
			children = (
				880EF4B029F114FC000A6071 /* AppDelegate.swift */,
				880EF4B229F114FC000A6071 /* SceneDelegate.swift */,
				880EF4B429F114FC000A6071 /* ViewController.swift */,
				880EF4CD29F11932000A6071 /* Note.swift */,
				880EF4CF29F11973000A6071 /* NoteCell.swift */,
				880EF4D129F119AF000A6071 /* NoteTableView.swift */,
				880EF4B629F114FC000A6071 /* Main.storyboard */,
				880EF4BC29F114FE000A6071 /* Assets.xcassets */,
				880EF4BE29F114FE000A6071 /* LaunchScreen.storyboard */,
				880EF4C129F114FE000A6071 /* Info.plist */,
				880EF4B929F114FC000A6071 /* Take_Note_App___IT20252090.xcdatamodeld */,
			);
			path = "Take Note App - IT20252090";
			sourceTree = "<group>";
		};
/* End PBXGroup section */

/* Begin PBXNativeTarget section */
		880EF4AC29F114FC000A6071 /* Take Note App - IT20252090 */ = {
			isa = PBXNativeTarget;
			buildConfigurationList = 880EF4C429F114FE000A6071 /* Build configuration list for PBXNativeTarget "Take Note App - IT20252090" */;
			buildPhases = (
				880EF4A929F114FC000A6071 /* Sources */,
				880EF4AA29F114FC000A6071 /* Frameworks */,
				880EF4AB29F114FC000A6071 /* Resources */,
			);
			buildRules = (
			);
			dependencies = (
			);
			name = "Take Note App - IT20252090";
			productName = "Take Note App - IT20252090";
			productReference = 880EF4AD29F114FC000A6071 /* Take Note App - IT20252090.app */;
			productType = "com.apple.product-type.application";
		};
/* End PBXNativeTarget section */

/* Begin PBXProject section */
		880EF4A529F114FC000A6071 /* Project object */ = {
			isa = PBXProject;
			attributes = {
				BuildIndependentTargetsInParallel = 1;
				LastSwiftUpdateCheck = 1430;
				LastUpgradeCheck = 1430;
				TargetAttributes = {
					880EF4AC29F114FC000A6071 = {
						CreatedOnToolsVersion = 14.3;
					};
				};
			};
			buildConfigurationList = 880EF4A829F114FC000A6071 /* Build configuration list for PBXProject "Take Note App - IT20252090" */;
			compatibilityVersion = "Xcode 14.0";
			developmentRegion = en;
			hasScannedForEncodings = 0;
			knownRegions = (
				en,
				Base,
			);
			mainGroup = 880EF4A429F114FC000A6071;
			productRefGroup = 880EF4AE29F114FC000A6071 /* Products */;
			projectDirPath = "";
			projectRoot = "";
			targets = (
				880EF4AC29F114FC000A6071 /* Take Note App - IT20252090 */,
			);
		};
/* End PBXProject section */

/* Begin PBXResourcesBuildPhase section */
		880EF4AB29F114FC000A6071 /* Resources */ = {
			isa = PBXResourcesBuildPhase;
			buildActionMask = 2147483647;
			files = (
				880EF4C029F114FE000A6071 /* LaunchScreen.storyboard in Resources */,
				880EF4BD29F114FE000A6071 /* Assets.xcassets in Resources */,
				880EF4B829F114FC000A6071 /* Main.storyboard in Resources */,
			);
			runOnlyForDeploymentPostprocessing = 0;
		};
/* End PBXResourcesBuildPhase section */

/* Begin PBXSourcesBuildPhase section */
		880EF4A929F114FC000A6071 /* Sources */ = {
			isa = PBXSourcesBuildPhase;
			buildActionMask = 2147483647;
			files = (
				880EF4CE29F11932000A6071 /* Note.swift in Sources */,
				880EF4B529F114FC000A6071 /* ViewController.swift in Sources */,
				880EF4B129F114FC000A6071 /* AppDelegate.swift in Sources */,
				880EF4D029F11973000A6071 /* NoteCell.swift in Sources */,
				880EF4B329F114FC000A6071 /* SceneDelegate.swift in Sources */,
				880EF4D229F119AF000A6071 /* NoteTableView.swift in Sources */,
				880EF4BB29F114FC000A6071 /* Take_Note_App___IT20252090.xcdatamodeld in Sources */,
			);
			runOnlyForDeploymentPostprocessing = 0;
		};
/* End PBXSourcesBuildPhase section */

/* Begin PBXVariantGroup section */
		880EF4B629F114FC000A6071 /* Main.storyboard */ = {
			isa = PBXVariantGroup;
			children = (
				880EF4B729F114FC000A6071 /* Base */,
			);
			name = Main.storyboard;
			sourceTree = "<group>";
		};
		880EF4BE29F114FE000A6071 /* LaunchScreen.storyboard */ = {
			isa = PBXVariantGroup;
			children = (
				880EF4BF29F114FE000A6071 /* Base */,
			);
			name = LaunchScreen.storyboard;
			sourceTree = "<group>";
		};
/* End PBXVariantGroup section */

/* Begin XCBuildConfiguration section */
		880EF4C229F114FE000A6071 /* Debug */ = {
			isa = XCBuildConfiguration;
			buildSettings = {
				ALWAYS_SEARCH_USER_PATHS = NO;
				CLANG_ANALYZER_NONNULL = YES;
				CLANG_ANALYZER_NUMBER_OBJECT_CONVERSION = YES_AGGRESSIVE;
				CLANG_CXX_LANGUAGE_STANDARD = "gnu++20";
				CLANG_ENABLE_MODULES = YES;
				CLANG_ENABLE_OBJC_ARC = YES;
				CLANG_ENABLE_OBJC_WEAK = YES;
				CLANG_WARN_BLOCK_CAPTURE_AUTORELEASING = YES;
				CLANG_WARN_BOOL_CONVERSION = YES;
				CLANG_WARN_COMMA = YES;
				CLANG_WARN_CONSTANT_CONVERSION = YES;
				CLANG_WARN_DEPRECATED_OBJC_IMPLEMENTATIONS = YES;
				CLANG_WARN_DIRECT_OBJC_ISA_USAGE = YES_ERROR;
				CLANG_WARN_DOCUMENTATION_COMMENTS = YES;
				CLANG_WARN_EMPTY_BODY = YES;
				CLANG_WARN_ENUM_CONVERSION = YES;
				CLANG_WARN_INFINITE_RECURSION = YES;
				CLANG_WARN_INT_CONVERSION = YES;
				CLANG_WARN_NON_LITERAL_NULL_CONVERSION = YES;
				CLANG_WARN_OBJC_IMPLICIT_RETAIN_SELF = YES;
				CLANG_WARN_OBJC_LITERAL_CONVERSION = YES;
				CLANG_WARN_OBJC_ROOT_CLASS = YES_ERROR;
				CLANG_WARN_QUOTED_INCLUDE_IN_FRAMEWORK_HEADER = YES;
				CLANG_WARN_RANGE_LOOP_ANALYSIS = YES;
				CLANG_WARN_STRICT_PROTOTYPES = YES;
				CLANG_WARN_SUSPICIOUS_MOVE = YES;
				CLANG_WARN_UNGUARDED_AVAILABILITY = YES_AGGRESSIVE;
				CLANG_WARN_UNREACHABLE_CODE = YES;
				CLANG_WARN__DUPLICATE_METHOD_MATCH = YES;
				COPY_PHASE_STRIP = NO;
				DEBUG_INFORMATION_FORMAT = dwarf;
				ENABLE_STRICT_OBJC_MSGSEND = YES;
				ENABLE_TESTABILITY = YES;
				GCC_C_LANGUAGE_STANDARD = gnu11;
				GCC_DYNAMIC_NO_PIC = NO;
				GCC_NO_COMMON_BLOCKS = YES;
				GCC_OPTIMIZATION_LEVEL = 0;
				GCC_PREPROCESSOR_DEFINITIONS = (
					"DEBUG=1",
					"$(inherited)",
				);
				GCC_WARN_64_TO_32_BIT_CONVERSION = YES;
				GCC_WARN_ABOUT_RETURN_TYPE = YES_ERROR;
				GCC_WARN_UNDECLARED_SELECTOR = YES;
				GCC_WARN_UNINITIALIZED_AUTOS = YES_AGGRESSIVE;
				GCC_WARN_UNUSED_FUNCTION = YES;
				GCC_WARN_UNUSED_VARIABLE = YES;
				IPHONEOS_DEPLOYMENT_TARGET = 16.4;
				MTL_ENABLE_DEBUG_INFO = INCLUDE_SOURCE;
				MTL_FAST_MATH = YES;
				ONLY_ACTIVE_ARCH = YES;
				SDKROOT = iphoneos;
				SWIFT_ACTIVE_COMPILATION_CONDITIONS = DEBUG;
				SWIFT_OPTIMIZATION_LEVEL = "-Onone";
			};
			name = Debug;
		};
		880EF4C329F114FE000A6071 /* Release */ = {
			isa = XCBuildConfiguration;
			buildSettings = {
				ALWAYS_SEARCH_USER_PATHS = NO;
				CLANG_ANALYZER_NONNULL = YES;
				CLANG_ANALYZER_NUMBER_OBJECT_CONVERSION = YES_AGGRESSIVE;
				CLANG_CXX_LANGUAGE_STANDARD = "gnu++20";
				CLANG_ENABLE_MODULES = YES;
				CLANG_ENABLE_OBJC_ARC = YES;
				CLANG_ENABLE_OBJC_WEAK = YES;
				CLANG_WARN_BLOCK_CAPTURE_AUTORELEASING = YES;
				CLANG_WARN_BOOL_CONVERSION = YES;
				CLANG_WARN_COMMA = YES;
				CLANG_WARN_CONSTANT_CONVERSION = YES;
				CLANG_WARN_DEPRECATED_OBJC_IMPLEMENTATIONS = YES;
				CLANG_WARN_DIRECT_OBJC_ISA_USAGE = YES_ERROR;
				CLANG_WARN_DOCUMENTATION_COMMENTS = YES;
				CLANG_WARN_EMPTY_BODY = YES;
				CLANG_WARN_ENUM_CONVERSION = YES;
				CLANG_WARN_INFINITE_RECURSION = YES;
				CLANG_WARN_INT_CONVERSION = YES;
				CLANG_WARN_NON_LITERAL_NULL_CONVERSION = YES;
				CLANG_WARN_OBJC_IMPLICIT_RETAIN_SELF = YES;
				CLANG_WARN_OBJC_LITERAL_CONVERSION = YES;
				CLANG_WARN_OBJC_ROOT_CLASS = YES_ERROR;
				CLANG_WARN_QUOTED_INCLUDE_IN_FRAMEWORK_HEADER = YES;
				CLANG_WARN_RANGE_LOOP_ANALYSIS = YES;
				CLANG_WARN_STRICT_PROTOTYPES = YES;
				CLANG_WARN_SUSPICIOUS_MOVE = YES;
				CLANG_WARN_UNGUARDED_AVAILABILITY = YES_AGGRESSIVE;
				CLANG_WARN_UNREACHABLE_CODE = YES;
				CLANG_WARN__DUPLICATE_METHOD_MATCH = YES;
				COPY_PHASE_STRIP = NO;
				DEBUG_INFORMATION_FORMAT = "dwarf-with-dsym";
				ENABLE_NS_ASSERTIONS = NO;
				ENABLE_STRICT_OBJC_MSGSEND = YES;
				GCC_C_LANGUAGE_STANDARD = gnu11;
				GCC_NO_COMMON_BLOCKS = YES;
				GCC_WARN_64_TO_32_BIT_CONVERSION = YES;
				GCC_WARN_ABOUT_RETURN_TYPE = YES_ERROR;
				GCC_WARN_UNDECLARED_SELECTOR = YES;
				GCC_WARN_UNINITIALIZED_AUTOS = YES_AGGRESSIVE;
				GCC_WARN_UNUSED_FUNCTION = YES;
				GCC_WARN_UNUSED_VARIABLE = YES;
				IPHONEOS_DEPLOYMENT_TARGET = 16.4;
				MTL_ENABLE_DEBUG_INFO = NO;
				MTL_FAST_MATH = YES;
				SDKROOT = iphoneos;
				SWIFT_COMPILATION_MODE = wholemodule;
				SWIFT_OPTIMIZATION_LEVEL = "-O";
				VALIDATE_PRODUCT = YES;
			};
			name = Release;
		};
		880EF4C529F114FE000A6071 /* Debug */ = {
			isa = XCBuildConfiguration;
			buildSettings = {
				ASSETCATALOG_COMPILER_APPICON_NAME = AppIcon;
				ASSETCATALOG_COMPILER_GLOBAL_ACCENT_COLOR_NAME = AccentColor;
				CODE_SIGN_STYLE = Automatic;
				CURRENT_PROJECT_VERSION = 1;
				GENERATE_INFOPLIST_FILE = YES;
				INFOPLIST_FILE = "Take Note App - IT20252090/Info.plist";
				INFOPLIST_KEY_UIApplicationSupportsIndirectInputEvents = YES;
				INFOPLIST_KEY_UILaunchStoryboardName = LaunchScreen;
				INFOPLIST_KEY_UIMainStoryboardFile = Main;
				INFOPLIST_KEY_UISupportedInterfaceOrientations_iPad = "UIInterfaceOrientationPortrait UIInterfaceOrientationPortraitUpsideDown UIInterfaceOrientationLandscapeLeft UIInterfaceOrientationLandscapeRight";
				INFOPLIST_KEY_UISupportedInterfaceOrientations_iPhone = "UIInterfaceOrientationPortrait UIInterfaceOrientationLandscapeLeft UIInterfaceOrientationLandscapeRight";
				LD_RUNPATH_SEARCH_PATHS = (
					"$(inherited)",
					"@executable_path/Frameworks",
				);
				MARKETING_VERSION = 1.0;
				PRODUCT_BUNDLE_IDENTIFIER = "Priyankara.Take-Note-App---IT20252090";
				PRODUCT_NAME = "$(TARGET_NAME)";
				SWIFT_EMIT_LOC_STRINGS = YES;
				SWIFT_VERSION = 5.0;
				TARGETED_DEVICE_FAMILY = "1,2";
			};
			name = Debug;
		};
		880EF4C629F114FE000A6071 /* Release */ = {
			isa = XCBuildConfiguration;
			buildSettings = {
				ASSETCATALOG_COMPILER_APPICON_NAME = AppIcon;
				ASSETCATALOG_COMPILER_GLOBAL_ACCENT_COLOR_NAME = AccentColor;
				CODE_SIGN_STYLE = Automatic;
				CURRENT_PROJECT_VERSION = 1;
				GENERATE_INFOPLIST_FILE = YES;
				INFOPLIST_FILE = "Take Note App - IT20252090/Info.plist";
				INFOPLIST_KEY_UIApplicationSupportsIndirectInputEvents = YES;
				INFOPLIST_KEY_UILaunchStoryboardName = LaunchScreen;
				INFOPLIST_KEY_UIMainStoryboardFile = Main;
				INFOPLIST_KEY_UISupportedInterfaceOrientations_iPad = "UIInterfaceOrientationPortrait UIInterfaceOrientationPortraitUpsideDown UIInterfaceOrientationLandscapeLeft UIInterfaceOrientationLandscapeRight";
				INFOPLIST_KEY_UISupportedInterfaceOrientations_iPhone = "UIInterfaceOrientationPortrait UIInterfaceOrientationLandscapeLeft UIInterfaceOrientationLandscapeRight";
				LD_RUNPATH_SEARCH_PATHS = (
					"$(inherited)",
					"@executable_path/Frameworks",
				);
				MARKETING_VERSION = 1.0;
				PRODUCT_BUNDLE_IDENTIFIER = "Priyankara.Take-Note-App---IT20252090";
				PRODUCT_NAME = "$(TARGET_NAME)";
				SWIFT_EMIT_LOC_STRINGS = YES;
				SWIFT_VERSION = 5.0;
				TARGETED_DEVICE_FAMILY = "1,2";
			};
			name = Release;
		};
/* End XCBuildConfiguration section */

/* Begin XCConfigurationList section */
		880EF4A829F114FC000A6071 /* Build configuration list for PBXProject "Take Note App - IT20252090" */ = {
			isa = XCConfigurationList;
			buildConfigurations = (
				880EF4C229F114FE000A6071 /* Debug */,
				880EF4C329F114FE000A6071 /* Release */,
			);
			defaultConfigurationIsVisible = 0;
			defaultConfigurationName = Release;
		};
		880EF4C429F114FE000A6071 /* Build configuration list for PBXNativeTarget "Take Note App - IT20252090" */ = {
			isa = XCConfigurationList;
			buildConfigurations = (
				880EF4C529F114FE000A6071 /* Debug */,
				880EF4C629F114FE000A6071 /* Release */,
			);
			defaultConfigurationIsVisible = 0;
			defaultConfigurationName = Release;
		};
/* End XCConfigurationList section */

/* Begin XCVersionGroup section */
		880EF4B929F114FC000A6071 /* Take_Note_App___IT20252090.xcdatamodeld */ = {
			isa = XCVersionGroup;
			children = (
				880EF4BA29F114FC000A6071 /* Take_Note_App___IT20252090.xcdatamodel */,
			);
			currentVersion = 880EF4BA29F114FC000A6071 /* Take_Note_App___IT20252090.xcdatamodel */;
			path = "Take_Note_App___IT20252090.xcdatamodeld";
			sourceTree = "<group>";
			versionGroupType = wrapper.xcdatamodel;
		};
/* End XCVersionGroup section */
	};
	rootObject = 880EF4A529F114FC000A6071 /* Project object */;
}
